// !$*UTF8*$!
{
	archiveVersion = 1;
	classes = {
	};
	objectVersion = 46;
	objects = {

/* Begin PBXBuildFile section */
		858AEEA31A5E19580000A0C0 /* AppDelegate.swift in Sources */ = {isa = PBXBuildFile; fileRef = 858AEEA21A5E19580000A0C0 /* AppDelegate.swift */; };
		858AEEA61A5E19580000A0C0 /* BlogReader.xcdatamodeld in Sources */ = {isa = PBXBuildFile; fileRef = 858AEEA41A5E19580000A0C0 /* BlogReader.xcdatamodeld */; };
		858AEEA81A5E19580000A0C0 /* MasterViewController.swift in Sources */ = {isa = PBXBuildFile; fileRef = 858AEEA71A5E19580000A0C0 /* MasterViewController.swift */; };
		858AEEAA1A5E19580000A0C0 /* DetailViewController.swift in Sources */ = {isa = PBXBuildFile; fileRef = 858AEEA91A5E19580000A0C0 /* DetailViewController.swift */; };
		858AEEAD1A5E19580000A0C0 /* Main.storyboard in Resources */ = {isa = PBXBuildFile; fileRef = 858AEEAB1A5E19580000A0C0 /* Main.storyboard */; };
		858AEEAF1A5E19580000A0C0 /* Images.xcassets in Resources */ = {isa = PBXBuildFile; fileRef = 858AEEAE1A5E19580000A0C0 /* Images.xcassets */; };
		858AEEB21A5E19580000A0C0 /* LaunchScreen.xib in Resources */ = {isa = PBXBuildFile; fileRef = 858AEEB01A5E19580000A0C0 /* LaunchScreen.xib */; };
		858AEEBE1A5E19580000A0C0 /* BlogReaderTests.swift in Sources */ = {isa = PBXBuildFile; fileRef = 858AEEBD1A5E19580000A0C0 /* BlogReaderTests.swift */; };
/* End PBXBuildFile section */

/* Begin PBXContainerItemProxy section */
		858AEEB81A5E19580000A0C0 /* PBXContainerItemProxy */ = {
			isa = PBXContainerItemProxy;
			containerPortal = 858AEE951A5E19580000A0C0 /* Project object */;
			proxyType = 1;
			remoteGlobalIDString = 858AEE9C1A5E19580000A0C0;
			remoteInfo = BlogReader;
		};
/* End PBXContainerItemProxy section */

/* Begin PBXFileReference section */
		858AEE9D1A5E19580000A0C0 /* BlogReader.app */ = {isa = PBXFileReference; explicitFileType = wrapper.application; includeInIndex = 0; path = BlogReader.app; sourceTree = BUILT_PRODUCTS_DIR; };
		858AEEA11A5E19580000A0C0 /* Info.plist */ = {isa = PBXFileReference; lastKnownFileType = text.plist.xml; path = Info.plist; sourceTree = "<group>"; };
		858AEEA21A5E19580000A0C0 /* AppDelegate.swift */ = {isa = PBXFileReference; lastKnownFileType = sourcecode.swift; path = AppDelegate.swift; sourceTree = "<group>"; };
		858AEEA51A5E19580000A0C0 /* BlogReader.xcdatamodel */ = {isa = PBXFileReference; lastKnownFileType = wrapper.xcdatamodel; path = BlogReader.xcdatamodel; sourceTree = "<group>"; };
		858AEEA71A5E19580000A0C0 /* MasterViewController.swift */ = {isa = PBXFileReference; lastKnownFileType = sourcecode.swift; path = MasterViewController.swift; sourceTree = "<group>"; };
		858AEEA91A5E19580000A0C0 /* DetailViewController.swift */ = {isa = PBXFileReference; lastKnownFileType = sourcecode.swift; path = DetailViewController.swift; sourceTree = "<group>"; };
		858AEEAC1A5E19580000A0C0 /* Base */ = {isa = PBXFileReference; lastKnownFileType = file.storyboard; name = Base; path = Base.lproj/Main.storyboard; sourceTree = "<group>"; };
		858AEEAE1A5E19580000A0C0 /* Images.xcassets */ = {isa = PBXFileReference; lastKnownFileType = folder.assetcatalog; path = Images.xcassets; sourceTree = "<group>"; };
		858AEEB11A5E19580000A0C0 /* Base */ = {isa = PBXFileReference; lastKnownFileType = file.xib; name = Base; path = Base.lproj/LaunchScreen.xib; sourceTree = "<group>"; };
		858AEEB71A5E19580000A0C0 /* BlogReaderTests.xctest */ = {isa = PBXFileReference; explicitFileType = wrapper.cfbundle; includeInIndex = 0; path = BlogReaderTests.xctest; sourceTree = BUILT_PRODUCTS_DIR; };
		858AEEBC1A5E19580000A0C0 /* Info.plist */ = {isa = PBXFileReference; lastKnownFileType = text.plist.xml; path = Info.plist; sourceTree = "<group>"; };
		858AEEBD1A5E19580000A0C0 /* BlogReaderTests.swift */ = {isa = PBXFileReference; lastKnownFileType = sourcecode.swift; path = BlogReaderTests.swift; sourceTree = "<group>"; };
/* End PBXFileReference section */

/* Begin PBXFrameworksBuildPhase section */
		858AEE9A1A5E19580000A0C0 /* Frameworks */ = {
			isa = PBXFrameworksBuildPhase;
			buildActionMask = 2147483647;
			files = (
			);
			runOnlyForDeploymentPostprocessing = 0;
		};
		858AEEB41A5E19580000A0C0 /* Frameworks */ = {
			isa = PBXFrameworksBuildPhase;
			buildActionMask = 2147483647;
			files = (
			);
			runOnlyForDeploymentPostprocessing = 0;
		};
/* End PBXFrameworksBuildPhase section */

/* Begin PBXGroup section */
		858AEE941A5E19580000A0C0 = {
			isa = PBXGroup;
			children = (
				858AEE9F1A5E19580000A0C0 /* BlogReader */,
				858AEEBA1A5E19580000A0C0 /* BlogReaderTests */,
				858AEE9E1A5E19580000A0C0 /* Products */,
			);
			sourceTree = "<group>";
		};
		858AEE9E1A5E19580000A0C0 /* Products */ = {
			isa = PBXGroup;
			children = (
				858AEE9D1A5E19580000A0C0 /* BlogReader.app */,
				858AEEB71A5E19580000A0C0 /* BlogReaderTests.xctest */,
			);
			name = Products;
			sourceTree = "<group>";
		};
		858AEE9F1A5E19580000A0C0 /* BlogReader */ = {
			isa = PBXGroup;
			children = (
				858AEEA21A5E19580000A0C0 /* AppDelegate.swift */,
				858AEEA71A5E19580000A0C0 /* MasterViewController.swift */,
				858AEEA91A5E19580000A0C0 /* DetailViewController.swift */,
				858AEEAB1A5E19580000A0C0 /* Main.storyboard */,
				858AEEAE1A5E19580000A0C0 /* Images.xcassets */,
				858AEEB01A5E19580000A0C0 /* LaunchScreen.xib */,
				858AEEA41A5E19580000A0C0 /* BlogReader.xcdatamodeld */,
				858AEEA01A5E19580000A0C0 /* Supporting Files */,
			);
			path = BlogReader;
			sourceTree = "<group>";
		};
		858AEEA01A5E19580000A0C0 /* Supporting Files */ = {
			isa = PBXGroup;
			children = (
				858AEEA11A5E19580000A0C0 /* Info.plist */,
			);
			name = "Supporting Files";
			sourceTree = "<group>";
		};
		858AEEBA1A5E19580000A0C0 /* BlogReaderTests */ = {
			isa = PBXGroup;
			children = (
				858AEEBD1A5E19580000A0C0 /* BlogReaderTests.swift */,
				858AEEBB1A5E19580000A0C0 /* Supporting Files */,
			);
			path = BlogReaderTests;
			sourceTree = "<group>";
		};
		858AEEBB1A5E19580000A0C0 /* Supporting Files */ = {
			isa = PBXGroup;
			children = (
				858AEEBC1A5E19580000A0C0 /* Info.plist */,
			);
			name = "Supporting Files";
			sourceTree = "<group>";
		};
/* End PBXGroup section */

/* Begin PBXNativeTarget section */
		858AEE9C1A5E19580000A0C0 /* BlogReader */ = {
			isa = PBXNativeTarget;
			buildConfigurationList = 858AEEC11A5E19580000A0C0 /* Build configuration list for PBXNativeTarget "BlogReader" */;
			buildPhases = (
				858AEE991A5E19580000A0C0 /* Sources */,
				858AEE9A1A5E19580000A0C0 /* Frameworks */,
				858AEE9B1A5E19580000A0C0 /* Resources */,
			);
			buildRules = (
			);
			dependencies = (
			);
			name = BlogReader;
			productName = BlogReader;
			productReference = 858AEE9D1A5E19580000A0C0 /* BlogReader.app */;
			productType = "com.apple.product-type.application";
		};
		858AEEB61A5E19580000A0C0 /* BlogReaderTests */ = {
			isa = PBXNativeTarget;
			buildConfigurationList = 858AEEC41A5E19580000A0C0 /* Build configuration list for PBXNativeTarget "BlogReaderTests" */;
			buildPhases = (
				858AEEB31A5E19580000A0C0 /* Sources */,
				858AEEB41A5E19580000A0C0 /* Frameworks */,
				858AEEB51A5E19580000A0C0 /* Resources */,
			);
			buildRules = (
			);
			dependencies = (
				858AEEB91A5E19580000A0C0 /* PBXTargetDependency */,
			);
			name = BlogReaderTests;
			productName = BlogReaderTests;
			productReference = 858AEEB71A5E19580000A0C0 /* BlogReaderTests.xctest */;
			productType = "com.apple.product-type.bundle.unit-test";
		};
/* End PBXNativeTarget section */

/* Begin PBXProject section */
		858AEE951A5E19580000A0C0 /* Project object */ = {
			isa = PBXProject;
			attributes = {
				LastUpgradeCheck = 0610;
				ORGANIZATIONNAME = "Christopher Da Silva";
				TargetAttributes = {
					858AEE9C1A5E19580000A0C0 = {
						CreatedOnToolsVersion = 6.1;
					};
					858AEEB61A5E19580000A0C0 = {
						CreatedOnToolsVersion = 6.1;
						TestTargetID = 858AEE9C1A5E19580000A0C0;
					};
				};
			};
			buildConfigurationList = 858AEE981A5E19580000A0C0 /* Build configuration list for PBXProject "BlogReader" */;
			compatibilityVersion = "Xcode 3.2";
			developmentRegion = English;
			hasScannedForEncodings = 0;
			knownRegions = (
				en,
				Base,
			);
			mainGroup = 858AEE941A5E19580000A0C0;
			productRefGroup = 858AEE9E1A5E19580000A0C0 /* Products */;
			projectDirPath = "";
			projectRoot = "";
			targets = (
				858AEE9C1A5E19580000A0C0 /* BlogReader */,
				858AEEB61A5E19580000A0C0 /* BlogReaderTests */,
			);
		};
/* End PBXProject section */

/* Begin PBXResourcesBuildPhase section */
		858AEE9B1A5E19580000A0C0 /* Resources */ = {
			isa = PBXResourcesBuildPhase;
			buildActionMask = 2147483647;
			files = (
				858AEEAD1A5E19580000A0C0 /* Main.storyboard in Resources */,
				858AEEB21A5E19580000A0C0 /* LaunchScreen.xib in Resources */,
				858AEEAF1A5E19580000A0C0 /* Images.xcassets in Resources */,
			);
			runOnlyForDeploymentPostprocessing = 0;
		};
		858AEEB51A5E19580000A0C0 /* Resources */ = {
			isa = PBXResourcesBuildPhase;
			buildActionMask = 2147483647;
			files = (
			);
			runOnlyForDeploymentPostprocessing = 0;
		};
/* End PBXResourcesBuildPhase section */

/* Begin PBXSourcesBuildPhase section */
		858AEE991A5E19580000A0C0 /* Sources */ = {
			isa = PBXSourcesBuildPhase;
			buildActionMask = 2147483647;
			files = (
				858AEEA61A5E19580000A0C0 /* BlogReader.xcdatamodeld in Sources */,
				858AEEA31A5E19580000A0C0 /* AppDelegate.swift in Sources */,
				858AEEA81A5E19580000A0C0 /* MasterViewController.swift in Sources */,
				858AEEAA1A5E19580000A0C0 /* DetailViewController.swift in Sources */,
			);
			runOnlyForDeploymentPostprocessing = 0;
		};
		858AEEB31A5E19580000A0C0 /* Sources */ = {
			isa = PBXSourcesBuildPhase;
			buildActionMask = 2147483647;
			files = (
				858AEEBE1A5E19580000A0C0 /* BlogReaderTests.swift in Sources */,
			);
			runOnlyForDeploymentPostprocessing = 0;
		};
/* End PBXSourcesBuildPhase section */

/* Begin PBXTargetDependency section */
		858AEEB91A5E19580000A0C0 /* PBXTargetDependency */ = {
			isa = PBXTargetDependency;
			target = 858AEE9C1A5E19580000A0C0 /* BlogReader */;
			targetProxy = 858AEEB81A5E19580000A0C0 /* PBXContainerItemProxy */;
		};
/* End PBXTargetDependency section */

/* Begin PBXVariantGroup section */
		858AEEAB1A5E19580000A0C0 /* Main.storyboard */ = {
			isa = PBXVariantGroup;
			children = (
				858AEEAC1A5E19580000A0C0 /* Base */,
			);
			name = Main.storyboard;
			sourceTree = "<group>";
		};
		858AEEB01A5E19580000A0C0 /* LaunchScreen.xib */ = {
			isa = PBXVariantGroup;
			children = (
				858AEEB11A5E19580000A0C0 /* Base */,
			);
			name = LaunchScreen.xib;
			sourceTree = "<group>";
		};
/* End PBXVariantGroup section */

/* Begin XCBuildConfiguration section */
		858AEEBF1A5E19580000A0C0 /* Debug */ = {
			isa = XCBuildConfiguration;
			buildSettings = {
				ALWAYS_SEARCH_USER_PATHS = NO;
				CLANG_CXX_LANGUAGE_STANDARD = "gnu++0x";
				CLANG_CXX_LIBRARY = "libc++";
				CLANG_ENABLE_MODULES = YES;
				CLANG_ENABLE_OBJC_ARC = YES;
				CLANG_WARN_BOOL_CONVERSION = YES;
				CLANG_WARN_CONSTANT_CONVERSION = YES;
				CLANG_WARN_DIRECT_OBJC_ISA_USAGE = YES_ERROR;
				CLANG_WARN_EMPTY_BODY = YES;
				CLANG_WARN_ENUM_CONVERSION = YES;
				CLANG_WARN_INT_CONVERSION = YES;
				CLANG_WARN_OBJC_ROOT_CLASS = YES_ERROR;
				CLANG_WARN_UNREACHABLE_CODE = YES;
				CLANG_WARN__DUPLICATE_METHOD_MATCH = YES;
				"CODE_SIGN_IDENTITY[sdk=iphoneos*]" = "iPhone Developer";
				COPY_PHASE_STRIP = NO;
				ENABLE_STRICT_OBJC_MSGSEND = YES;
				GCC_C_LANGUAGE_STANDARD = gnu99;
				GCC_DYNAMIC_NO_PIC = NO;
				GCC_OPTIMIZATION_LEVEL = 0;
				GCC_PREPROCESSOR_DEFINITIONS = (
					"DEBUG=1",
					"$(inherited)",
				);
				GCC_SYMBOLS_PRIVATE_EXTERN = NO;
				GCC_WARN_64_TO_32_BIT_CONVERSION = YES;
				GCC_WARN_ABOUT_RETURN_TYPE = YES_ERROR;
				GCC_WARN_UNDECLARED_SELECTOR = YES;
				GCC_WARN_UNINITIALIZED_AUTOS = YES_AGGRESSIVE;
				GCC_WARN_UNUSED_FUNCTION = YES;
				GCC_WARN_UNUSED_VARIABLE = YES;
				IPHONEOS_DEPLOYMENT_TARGET = 8.1;
				MTL_ENABLE_DEBUG_INFO = YES;
				ONLY_ACTIVE_ARCH = YES;
				SDKROOT = iphoneos;
				SWIFT_OPTIMIZATION_LEVEL = "-Onone";
				TARGETED_DEVICE_FAMILY = "1,2";
			};
			name = Debug;
		};
		858AEEC01A5E19580000A0C0 /* Release */ = {
			isa = XCBuildConfiguration;
			buildSettings = {
				ALWAYS_SEARCH_USER_PATHS = NO;
				CLANG_CXX_LANGUAGE_STANDARD = "gnu++0x";
				CLANG_CXX_LIBRARY = "libc++";
				CLANG_ENABLE_MODULES = YES;
				CLANG_ENABLE_OBJC_ARC = YES;
				CLANG_WARN_BOOL_CONVERSION = YES;
				CLANG_WARN_CONSTANT_CONVERSION = YES;
				CLANG_WARN_DIRECT_OBJC_ISA_USAGE = YES_ERROR;
				CLANG_WARN_EMPTY_BODY = YES;
				CLANG_WARN_ENUM_CONVERSION = YES;
				CLANG_WARN_INT_CONVERSION = YES;
				CLANG_WARN_OBJC_ROOT_CLASS = YES_ERROR;
				CLANG_WARN_UNREACHABLE_CODE = YES;
				CLANG_WARN__DUPLICATE_METHOD_MATCH = YES;
				"CODE_SIGN_IDENTITY[sdk=iphoneos*]" = "iPhone Developer";
				COPY_PHASE_STRIP = YES;
				ENABLE_NS_ASSERTIONS = NO;
				ENABLE_STRICT_OBJC_MSGSEND = YES;
				GCC_C_LANGUAGE_STANDARD = gnu99;
				GCC_WARN_64_TO_32_BIT_CONVERSION = YES;
				GCC_WARN_ABOUT_RETURN_TYPE = YES_ERROR;
				GCC_WARN_UNDECLARED_SELECTOR = YES;
				GCC_WARN_UNINITIALIZED_AUTOS = YES_AGGRESSIVE;
				GCC_WARN_UNUSED_FUNCTION = YES;
				GCC_WARN_UNUSED_VARIABLE = YES;
				IPHONEOS_DEPLOYMENT_TARGET = 8.1;
				MTL_ENABLE_DEBUG_INFO = NO;
				SDKROOT = iphoneos;
				TARGETED_DEVICE_FAMILY = "1,2";
				VALIDATE_PRODUCT = YES;
			};
			name = Release;
		};
		858AEEC21A5E19580000A0C0 /* Debug */ = {
			isa = XCBuildConfiguration;
			buildSettings = {
				ASSETCATALOG_COMPILER_APPICON_NAME = AppIcon;
				INFOPLIST_FILE = BlogReader/Info.plist;
				LD_RUNPATH_SEARCH_PATHS = "$(inherited) @executable_path/Frameworks";
				PRODUCT_NAME = "$(TARGET_NAME)";
			};
			name = Debug;
		};
		858AEEC31A5E19580000A0C0 /* Release */ = {
			isa = XCBuildConfiguration;
			buildSettings = {
				ASSETCATALOG_COMPILER_APPICON_NAME = AppIcon;
				INFOPLIST_FILE = BlogReader/Info.plist;
				LD_RUNPATH_SEARCH_PATHS = "$(inherited) @executable_path/Frameworks";
				PRODUCT_NAME = "$(TARGET_NAME)";
			};
			name = Release;
		};
		858AEEC51A5E19580000A0C0 /* Debug */ = {
			isa = XCBuildConfiguration;
			buildSettings = {
				BUNDLE_LOADER = "$(TEST_HOST)";
				FRAMEWORK_SEARCH_PATHS = (
					"$(SDKROOT)/Developer/Library/Frameworks",
					"$(inherited)",
				);
				GCC_PREPROCESSOR_DEFINITIONS = (
					"DEBUG=1",
					"$(inherited)",
				);
				INFOPLIST_FILE = BlogReaderTests/Info.plist;
				LD_RUNPATH_SEARCH_PATHS = "$(inherited) @executable_path/Frameworks @loader_path/Frameworks";
				PRODUCT_NAME = "$(TARGET_NAME)";
				TEST_HOST = "$(BUILT_PRODUCTS_DIR)/BlogReader.app/BlogReader";
			};
			name = Debug;
		};
		858AEEC61A5E19580000A0C0 /* Release */ = {
			isa = XCBuildConfiguration;
			buildSettings = {
				BUNDLE_LOADER = "$(TEST_HOST)";
				FRAMEWORK_SEARCH_PATHS = (
					"$(SDKROOT)/Developer/Library/Frameworks",
					"$(inherited)",
				);
				INFOPLIST_FILE = BlogReaderTests/Info.plist;
				LD_RUNPATH_SEARCH_PATHS = "$(inherited) @executable_path/Frameworks @loader_path/Frameworks";
				PRODUCT_NAME = "$(TARGET_NAME)";
				TEST_HOST = "$(BUILT_PRODUCTS_DIR)/BlogReader.app/BlogReader";
			};
			name = Release;
		};
/* End XCBuildConfiguration section */

/* Begin XCConfigurationList section */
		858AEE981A5E19580000A0C0 /* Build configuration list for PBXProject "BlogReader" */ = {
			isa = XCConfigurationList;
			buildConfigurations = (
				858AEEBF1A5E19580000A0C0 /* Debug */,
				858AEEC01A5E19580000A0C0 /* Release */,
			);
			defaultConfigurationIsVisible = 0;
			defaultConfigurationName = Release;
		};
		858AEEC11A5E19580000A0C0 /* Build configuration list for PBXNativeTarget "BlogReader" */ = {
			isa = XCConfigurationList;
			buildConfigurations = (
				858AEEC21A5E19580000A0C0 /* Debug */,
				858AEEC31A5E19580000A0C0 /* Release */,
			);
			defaultConfigurationIsVisible = 0;
		};
		858AEEC41A5E19580000A0C0 /* Build configuration list for PBXNativeTarget "BlogReaderTests" */ = {
			isa = XCConfigurationList;
			buildConfigurations = (
				858AEEC51A5E19580000A0C0 /* Debug */,
				858AEEC61A5E19580000A0C0 /* Release */,
			);
			defaultConfigurationIsVisible = 0;
		};
/* End XCConfigurationList section */

/* Begin XCVersionGroup section */
		858AEEA41A5E19580000A0C0 /* BlogReader.xcdatamodeld */ = {
			isa = XCVersionGroup;
			children = (
				858AEEA51A5E19580000A0C0 /* BlogReader.xcdatamodel */,
			);
			currentVersion = 858AEEA51A5E19580000A0C0 /* BlogReader.xcdatamodel */;
			path = BlogReader.xcdatamodeld;
			sourceTree = "<group>";
			versionGroupType = wrapper.xcdatamodel;
		};
/* End XCVersionGroup section */
	};
	rootObject = 858AEE951A5E19580000A0C0 /* Project object */;
}
